
Microsoft Visual Studio Solution File, Format Version 12.00
# Visual Studio 2013
VisualStudioVersion = 12.0.31101.0
MinimumVisualStudioVersion = 10.0.40219.1
Project("{FAE04EC0-301F-11D3-BF4B-00C04F79EFBC}") = "CraigOleycom", "CraigOleycom\CraigOleycom.csproj", "{06C93F9E-CC7B-45CC-B4AB-4E291BA3B954}"
EndProject
Project("{2150E333-8FDC-42A3-9474-1A3956D46DE8}") = "PublishScripts", "PublishScripts", "{D37E0781-D808-4795-BB1D-B19ACDCC384F}"
	ProjectSection(SolutionItems) = preProject
		PublishScripts\AzureWebsitePublishModule.psm1 = PublishScripts\AzureWebsitePublishModule.psm1
		PublishScripts\Publish-WebApplicationWebsite.ps1 = PublishScripts\Publish-WebApplicationWebsite.ps1
	EndProjectSection
EndProject
Project("{2150E333-8FDC-42A3-9474-1A3956D46DE8}") = "Configurations", "Configurations", "{210AB152-715F-43F4-941E-2BBE108AC8D0}"
	ProjectSection(SolutionItems) = preProject
		PublishScripts\Configurations\CraigOleycom-WAWS-dev.json = PublishScripts\Configurations\CraigOleycom-WAWS-dev.json
	EndProjectSection
EndProject
Project("{2150E333-8FDC-42A3-9474-1A3956D46DE8}") = ".nuget", ".nuget", "{C2FAA394-361B-4785-89E5-A8D9F6B6C0B5}"
	ProjectSection(SolutionItems) = preProject
		.nuget\packages.config = .nuget\packages.config
	EndProjectSection
EndProject
Global
	GlobalSection(SolutionConfigurationPlatforms) = preSolution
		Debug|Any CPU = Debug|Any CPU
		Release|Any CPU = Release|Any CPU
	EndGlobalSection
	GlobalSection(ProjectConfigurationPlatforms) = postSolution
		{06C93F9E-CC7B-45CC-B4AB-4E291BA3B954}.Debug|Any CPU.ActiveCfg = Debug|Any CPU
		{06C93F9E-CC7B-45CC-B4AB-4E291BA3B954}.Debug|Any CPU.Build.0 = Debug|Any CPU
		{06C93F9E-CC7B-45CC-B4AB-4E291BA3B954}.Release|Any CPU.ActiveCfg = Release|Any CPU
		{06C93F9E-CC7B-45CC-B4AB-4E291BA3B954}.Release|Any CPU.Build.0 = Release|Any CPU
	EndGlobalSection
	GlobalSection(SolutionProperties) = preSolution
		HideSolutionNode = FALSE
	EndGlobalSection
	GlobalSection(NestedProjects) = preSolution
		{210AB152-715F-43F4-941E-2BBE108AC8D0} = {D37E0781-D808-4795-BB1D-B19ACDCC384F}
	EndGlobalSection
EndGlobal
